Microsoft Visual Studio Solution File, Format Version 12.00
# Visual Studio Version 17
VisualStudioVersion = 17.5.2.0
MinimumVisualStudioVersion = 10.0.40219.1
Project("{2150E333-8FDC-42A3-9474-1A3956D46DE8}") = "src", "src", "{827E0CD3-B72D-47B6-A68D-7590B98EB39B}"
EndProject
Project("{2150E333-8FDC-42A3-9474-1A3956D46DE8}") = "test", "test", "{0C88DD14-F956-CE84-757C-A364CCF449FC}"
EndProject
Project("{FAE04EC0-301F-11D3-BF4B-00C04F79EFBC}") = "RapidIntegrationTesting", "src\RapidIntegrationTesting\RapidIntegrationTesting.csproj", "{A6276BF9-B075-9453-FF4E-5AE9C60ABE51}"
EndProject
Project("{FAE04EC0-301F-11D3-BF4B-00C04F79EFBC}") = "RapidIntegrationTesting.Utility", "src\RapidIntegrationTesting.Utility\RapidIntegrationTesting.Utility.csproj", "{5DC5BEAA-BB0E-D1CD-58C9-4D145F94D1FA}"
EndProject
Project("{FAE04EC0-301F-11D3-BF4B-00C04F79EFBC}") = "RapidIntegrationTesting.xUnit", "src\RapidIntegrationTesting.xUnit\RapidIntegrationTesting.xUnit.csproj", "{681EB6AD-F68B-9820-4A0A-BB5B22200718}"
EndProject
Project("{FAE04EC0-301F-11D3-BF4B-00C04F79EFBC}") = "RapidIntegrationTesting.Integration.Tests", "test\RapidIntegrationTesting.Integration.Tests\RapidIntegrationTesting.Integration.Tests.csproj", "{F32CB91F-C441-0F52-677A-BB81F75134CD}"
EndProject
Project("{FAE04EC0-301F-11D3-BF4B-00C04F79EFBC}") = "Testing.Integration.TestWebApi", "test\Testing.Integration.TestWebApi\Testing.Integration.TestWebApi.csproj", "{E486C0AA-7BBA-C387-53D9-E3E0DCBB350D}"
EndProject
Global
	GlobalSection(SolutionConfigurationPlatforms) = preSolution
		Debug|Any CPU = Debug|Any CPU
		Release|Any CPU = Release|Any CPU
	EndGlobalSection
	GlobalSection(ProjectConfigurationPlatforms) = postSolution
		{A6276BF9-B075-9453-FF4E-5AE9C60ABE51}.Debug|Any CPU.ActiveCfg = Debug|Any CPU
		{A6276BF9-B075-9453-FF4E-5AE9C60ABE51}.Debug|Any CPU.Build.0 = Debug|Any CPU
		{A6276BF9-B075-9453-FF4E-5AE9C60ABE51}.Release|Any CPU.ActiveCfg = Release|Any CPU
		{A6276BF9-B075-9453-FF4E-5AE9C60ABE51}.Release|Any CPU.Build.0 = Release|Any CPU
		{5DC5BEAA-BB0E-D1CD-58C9-4D145F94D1FA}.Debug|Any CPU.ActiveCfg = Debug|Any CPU
		{5DC5BEAA-BB0E-D1CD-58C9-4D145F94D1FA}.Debug|Any CPU.Build.0 = Debug|Any CPU
		{5DC5BEAA-BB0E-D1CD-58C9-4D145F94D1FA}.Release|Any CPU.ActiveCfg = Release|Any CPU
		{5DC5BEAA-BB0E-D1CD-58C9-4D145F94D1FA}.Release|Any CPU.Build.0 = Release|Any CPU
		{681EB6AD-F68B-9820-4A0A-BB5B22200718}.Debug|Any CPU.ActiveCfg = Debug|Any CPU
		{681EB6AD-F68B-9820-4A0A-BB5B22200718}.Debug|Any CPU.Build.0 = Debug|Any CPU
		{681EB6AD-F68B-9820-4A0A-BB5B22200718}.Release|Any CPU.ActiveCfg = Release|Any CPU
		{681EB6AD-F68B-9820-4A0A-BB5B22200718}.Release|Any CPU.Build.0 = Release|Any CPU
		{F32CB91F-C441-0F52-677A-BB81F75134CD}.Debug|Any CPU.ActiveCfg = Debug|Any CPU
		{F32CB91F-C441-0F52-677A-BB81F75134CD}.Debug|Any CPU.Build.0 = Debug|Any CPU
		{F32CB91F-C441-0F52-677A-BB81F75134CD}.Release|Any CPU.ActiveCfg = Release|Any CPU
		{F32CB91F-C441-0F52-677A-BB81F75134CD}.Release|Any CPU.Build.0 = Release|Any CPU
		{E486C0AA-7BBA-C387-53D9-E3E0DCBB350D}.Debug|Any CPU.ActiveCfg = Debug|Any CPU
		{E486C0AA-7BBA-C387-53D9-E3E0DCBB350D}.Debug|Any CPU.Build.0 = Debug|Any CPU
		{E486C0AA-7BBA-C387-53D9-E3E0DCBB350D}.Release|Any CPU.ActiveCfg = Release|Any CPU
		{E486C0AA-7BBA-C387-53D9-E3E0DCBB350D}.Release|Any CPU.Build.0 = Release|Any CPU
	EndGlobalSection
	GlobalSection(SolutionProperties) = preSolution
		HideSolutionNode = FALSE
	EndGlobalSection
	GlobalSection(NestedProjects) = preSolution
		{A6276BF9-B075-9453-FF4E-5AE9C60ABE51} = {827E0CD3-B72D-47B6-A68D-7590B98EB39B}
		{5DC5BEAA-BB0E-D1CD-58C9-4D145F94D1FA} = {827E0CD3-B72D-47B6-A68D-7590B98EB39B}
		{681EB6AD-F68B-9820-4A0A-BB5B22200718} = {827E0CD3-B72D-47B6-A68D-7590B98EB39B}
		{F32CB91F-C441-0F52-677A-BB81F75134CD} = {0C88DD14-F956-CE84-757C-A364CCF449FC}
		{E486C0AA-7BBA-C387-53D9-E3E0DCBB350D} = {0C88DD14-F956-CE84-757C-A364CCF449FC}
	EndGlobalSection
	GlobalSection(ExtensibilityGlobals) = postSolution
		SolutionGuid = {3B38A796-5643-40B7-9197-8FD1C77AB0FA}
	EndGlobalSection
EndGlobal
